// !$*UTF8*$!
{
	archiveVersion = 1;
	classes = {
	};
	objectVersion = 60;
	objects = {

/* Begin PBXBuildFile section */
		FC3183BF2D6F7DDB00DD4422 /* InterviewDataStructures in Frameworks */ = {isa = PBXBuildFile; productRef = FC3183BE2D6F7DDB00DD4422 /* InterviewDataStructures */; };
		FCD92E2F2D6E331A00CAC8D7 /* main.swift in Sources */ = {isa = PBXBuildFile; fileRef = FCD92E2E2D6E331A00CAC8D7 /* main.swift */; };
		FCD92E422D6E71E800CAC8D7 /* InterviewDataStructures in Frameworks */ = {isa = PBXBuildFile; productRef = FCD92E412D6E71E800CAC8D7 /* InterviewDataStructures */; };
/* End PBXBuildFile section */

/* Begin PBXCopyFilesBuildPhase section */
		FCD92E292D6E331A00CAC8D7 /* CopyFiles */ = {
			isa = PBXCopyFilesBuildPhase;
			buildActionMask = 2147483647;
			dstPath = /usr/share/man/man1/;
			dstSubfolderSpec = 0;
			files = (
			);
			runOnlyForDeploymentPostprocessing = 1;
		};
/* End PBXCopyFilesBuildPhase section */

/* Begin PBXFileReference section */
		FCD92E2B2D6E331A00CAC8D7 /* SwiftInterviewDataStructures */ = {isa = PBXFileReference; explicitFileType = "compiled.mach-o.executable"; includeInIndex = 0; path = SwiftInterviewDataStructures; sourceTree = BUILT_PRODUCTS_DIR; };
		FCD92E2E2D6E331A00CAC8D7 /* main.swift */ = {isa = PBXFileReference; lastKnownFileType = sourcecode.swift; path = main.swift; sourceTree = "<group>"; };
/* End PBXFileReference section */

/* Begin PBXFrameworksBuildPhase section */
		FCD92E282D6E331A00CAC8D7 /* Frameworks */ = {
			isa = PBXFrameworksBuildPhase;
			buildActionMask = 2147483647;
			files = (
				FC3183BF2D6F7DDB00DD4422 /* InterviewDataStructures in Frameworks */,
				FCD92E422D6E71E800CAC8D7 /* InterviewDataStructures in Frameworks */,
			);
			runOnlyForDeploymentPostprocessing = 0;
		};
/* End PBXFrameworksBuildPhase section */

/* Begin PBXGroup section */
		FCD92E222D6E331A00CAC8D7 = {
			isa = PBXGroup;
			children = (
				FCD92E2D2D6E331A00CAC8D7 /* Source */,
				FCD92E2C2D6E331A00CAC8D7 /* Products */,
			);
			sourceTree = "<group>";
		};
		FCD92E2C2D6E331A00CAC8D7 /* Products */ = {
			isa = PBXGroup;
			children = (
				FCD92E2B2D6E331A00CAC8D7 /* SwiftInterviewDataStructures */,
			);
			name = Products;
			sourceTree = "<group>";
		};
		FCD92E2D2D6E331A00CAC8D7 /* Source */ = {
			isa = PBXGroup;
			children = (
				FCD92E2E2D6E331A00CAC8D7 /* main.swift */,
			);
			path = Source;
			sourceTree = "<group>";
		};
/* End PBXGroup section */

/* Begin PBXNativeTarget section */
		FCD92E2A2D6E331A00CAC8D7 /* SwiftInterviewDataStructures */ = {
			isa = PBXNativeTarget;
			buildConfigurationList = FCD92E322D6E331A00CAC8D7 /* Build configuration list for PBXNativeTarget "SwiftInterviewDataStructures" */;
			buildPhases = (
				FCD92E272D6E331A00CAC8D7 /* Sources */,
				FCD92E282D6E331A00CAC8D7 /* Frameworks */,
				FCD92E292D6E331A00CAC8D7 /* CopyFiles */,
			);
			buildRules = (
			);
			dependencies = (
			);
			name = SwiftInterviewDataStructures;
			packageProductDependencies = (
				FCD92E412D6E71E800CAC8D7 /* InterviewDataStructures */,
				FC3183BE2D6F7DDB00DD4422 /* InterviewDataStructures */,
			);
			productName = SwiftInterviewDataStructures;
			productReference = FCD92E2B2D6E331A00CAC8D7 /* SwiftInterviewDataStructures */;
			productType = "com.apple.product-type.tool";
		};
/* End PBXNativeTarget section */

/* Begin PBXProject section */
		FCD92E232D6E331A00CAC8D7 /* Project object */ = {
			isa = PBXProject;
			attributes = {
				BuildIndependentTargetsInParallel = 1;
				LastSwiftUpdateCheck = 1520;
				LastUpgradeCheck = 1520;
				TargetAttributes = {
					FCD92E2A2D6E331A00CAC8D7 = {
						CreatedOnToolsVersion = 15.2;
					};
				};
			};
			buildConfigurationList = FCD92E262D6E331A00CAC8D7 /* Build configuration list for PBXProject "SwiftInterviewDataStructures" */;
			compatibilityVersion = "Xcode 14.0";
			developmentRegion = en;
			hasScannedForEncodings = 0;
			knownRegions = (
				en,
				Base,
			);
			mainGroup = FCD92E222D6E331A00CAC8D7;
			packageReferences = (
				FC3183BD2D6F7DDB00DD4422 /* XCLocalSwiftPackageReference "../InterviewDataStructures" */,
			);
			productRefGroup = FCD92E2C2D6E331A00CAC8D7 /* Products */;
			projectDirPath = "";
			projectRoot = "";
			targets = (
				FCD92E2A2D6E331A00CAC8D7 /* SwiftInterviewDataStructures */,
			);
		};
/* End PBXProject section */

/* Begin PBXSourcesBuildPhase section */
		FCD92E272D6E331A00CAC8D7 /* Sources */ = {
			isa = PBXSourcesBuildPhase;
			buildActionMask = 2147483647;
			files = (
				FCD92E2F2D6E331A00CAC8D7 /* main.swift in Sources */,
			);
			runOnlyForDeploymentPostprocessing = 0;
		};
/* End PBXSourcesBuildPhase section */

/* Begin XCBuildConfiguration section */
		FCD92E302D6E331A00CAC8D7 /* Debug */ = {
			isa = XCBuildConfiguration;
			buildSettings = {
				ALWAYS_SEARCH_USER_PATHS = NO;
				ASSETCATALOG_COMPILER_GENERATE_SWIFT_ASSET_SYMBOL_EXTENSIONS = YES;
				CLANG_ANALYZER_NONNULL = YES;
				CLANG_ANALYZER_NUMBER_OBJECT_CONVERSION = YES_AGGRESSIVE;
				CLANG_CXX_LANGUAGE_STANDARD = "gnu++20";
				CLANG_ENABLE_MODULES = YES;
				CLANG_ENABLE_OBJC_ARC = YES;
				CLANG_ENABLE_OBJC_WEAK = YES;
				CLANG_WARN_BLOCK_CAPTURE_AUTORELEASING = YES;
				CLANG_WARN_BOOL_CONVERSION = YES;
				CLANG_WARN_COMMA = YES;
				CLANG_WARN_CONSTANT_CONVERSION = YES;
				CLANG_WARN_DEPRECATED_OBJC_IMPLEMENTATIONS = YES;
				CLANG_WARN_DIRECT_OBJC_ISA_USAGE = YES_ERROR;
				CLANG_WARN_DOCUMENTATION_COMMENTS = YES;
				CLANG_WARN_EMPTY_BODY = YES;
				CLANG_WARN_ENUM_CONVERSION = YES;
				CLANG_WARN_INFINITE_RECURSION = YES;
				CLANG_WARN_INT_CONVERSION = YES;
				CLANG_WARN_NON_LITERAL_NULL_CONVERSION = YES;
				CLANG_WARN_OBJC_IMPLICIT_RETAIN_SELF = YES;
				CLANG_WARN_OBJC_LITERAL_CONVERSION = YES;
				CLANG_WARN_OBJC_ROOT_CLASS = YES_ERROR;
				CLANG_WARN_QUOTED_INCLUDE_IN_FRAMEWORK_HEADER = YES;
				CLANG_WARN_RANGE_LOOP_ANALYSIS = YES;
				CLANG_WARN_STRICT_PROTOTYPES = YES;
				CLANG_WARN_SUSPICIOUS_MOVE = YES;
				CLANG_WARN_UNGUARDED_AVAILABILITY = YES_AGGRESSIVE;
				CLANG_WARN_UNREACHABLE_CODE = YES;
				CLANG_WARN__DUPLICATE_METHOD_MATCH = YES;
				COPY_PHASE_STRIP = NO;
				DEBUG_INFORMATION_FORMAT = dwarf;
				ENABLE_STRICT_OBJC_MSGSEND = YES;
				ENABLE_TESTABILITY = YES;
				ENABLE_USER_SCRIPT_SANDBOXING = YES;
				GCC_C_LANGUAGE_STANDARD = gnu17;
				GCC_DYNAMIC_NO_PIC = NO;
				GCC_NO_COMMON_BLOCKS = YES;
				GCC_OPTIMIZATION_LEVEL = 0;
				GCC_PREPROCESSOR_DEFINITIONS = (
					"DEBUG=1",
					"$(inherited)",
				);
				GCC_WARN_64_TO_32_BIT_CONVERSION = YES;
				GCC_WARN_ABOUT_RETURN_TYPE = YES_ERROR;
				GCC_WARN_UNDECLARED_SELECTOR = YES;
				GCC_WARN_UNINITIALIZED_AUTOS = YES_AGGRESSIVE;
				GCC_WARN_UNUSED_FUNCTION = YES;
				GCC_WARN_UNUSED_VARIABLE = YES;
				LOCALIZATION_PREFERS_STRING_CATALOGS = YES;
				MACOSX_DEPLOYMENT_TARGET = 13.7;
				MTL_ENABLE_DEBUG_INFO = INCLUDE_SOURCE;
				MTL_FAST_MATH = YES;
				ONLY_ACTIVE_ARCH = YES;
				SDKROOT = macosx;
				SWIFT_ACTIVE_COMPILATION_CONDITIONS = "DEBUG $(inherited)";
				SWIFT_OPTIMIZATION_LEVEL = "-Onone";
			};
			name = Debug;
		};
		FCD92E312D6E331A00CAC8D7 /* Release */ = {
			isa = XCBuildConfiguration;
			buildSettings = {
				ALWAYS_SEARCH_USER_PATHS = NO;
				ASSETCATALOG_COMPILER_GENERATE_SWIFT_ASSET_SYMBOL_EXTENSIONS = YES;
				CLANG_ANALYZER_NONNULL = YES;
				CLANG_ANALYZER_NUMBER_OBJECT_CONVERSION = YES_AGGRESSIVE;
				CLANG_CXX_LANGUAGE_STANDARD = "gnu++20";
				CLANG_ENABLE_MODULES = YES;
				CLANG_ENABLE_OBJC_ARC = YES;
				CLANG_ENABLE_OBJC_WEAK = YES;
				CLANG_WARN_BLOCK_CAPTURE_AUTORELEASING = YES;
				CLANG_WARN_BOOL_CONVERSION = YES;
				CLANG_WARN_COMMA = YES;
				CLANG_WARN_CONSTANT_CONVERSION = YES;
				CLANG_WARN_DEPRECATED_OBJC_IMPLEMENTATIONS = YES;
				CLANG_WARN_DIRECT_OBJC_ISA_USAGE = YES_ERROR;
				CLANG_WARN_DOCUMENTATION_COMMENTS = YES;
				CLANG_WARN_EMPTY_BODY = YES;
				CLANG_WARN_ENUM_CONVERSION = YES;
				CLANG_WARN_INFINITE_RECURSION = YES;
				CLANG_WARN_INT_CONVERSION = YES;
				CLANG_WARN_NON_LITERAL_NULL_CONVERSION = YES;
				CLANG_WARN_OBJC_IMPLICIT_RETAIN_SELF = YES;
				CLANG_WARN_OBJC_LITERAL_CONVERSION = YES;
				CLANG_WARN_OBJC_ROOT_CLASS = YES_ERROR;
				CLANG_WARN_QUOTED_INCLUDE_IN_FRAMEWORK_HEADER = YES;
				CLANG_WARN_RANGE_LOOP_ANALYSIS = YES;
				CLANG_WARN_STRICT_PROTOTYPES = YES;
				CLANG_WARN_SUSPICIOUS_MOVE = YES;
				CLANG_WARN_UNGUARDED_AVAILABILITY = YES_AGGRESSIVE;
				CLANG_WARN_UNREACHABLE_CODE = YES;
				CLANG_WARN__DUPLICATE_METHOD_MATCH = YES;
				COPY_PHASE_STRIP = NO;
				DEBUG_INFORMATION_FORMAT = "dwarf-with-dsym";
				ENABLE_NS_ASSERTIONS = NO;
				ENABLE_STRICT_OBJC_MSGSEND = YES;
				ENABLE_USER_SCRIPT_SANDBOXING = YES;
				GCC_C_LANGUAGE_STANDARD = gnu17;
				GCC_NO_COMMON_BLOCKS = YES;
				GCC_WARN_64_TO_32_BIT_CONVERSION = YES;
				GCC_WARN_ABOUT_RETURN_TYPE = YES_ERROR;
				GCC_WARN_UNDECLARED_SELECTOR = YES;
				GCC_WARN_UNINITIALIZED_AUTOS = YES_AGGRESSIVE;
				GCC_WARN_UNUSED_FUNCTION = YES;
				GCC_WARN_UNUSED_VARIABLE = YES;
				LOCALIZATION_PREFERS_STRING_CATALOGS = YES;
				MACOSX_DEPLOYMENT_TARGET = 13.7;
				MTL_ENABLE_DEBUG_INFO = NO;
				MTL_FAST_MATH = YES;
				SDKROOT = macosx;
				SWIFT_COMPILATION_MODE = wholemodule;
			};
			name = Release;
		};
		FCD92E332D6E331A00CAC8D7 /* Debug */ = {
			isa = XCBuildConfiguration;
			buildSettings = {
				CODE_SIGN_STYLE = Automatic;
				PRODUCT_NAME = "$(TARGET_NAME)";
				SWIFT_VERSION = 5.0;
			};
			name = Debug;
		};
		FCD92E342D6E331A00CAC8D7 /* Release */ = {
			isa = XCBuildConfiguration;
			buildSettings = {
				CODE_SIGN_STYLE = Automatic;
				PRODUCT_NAME = "$(TARGET_NAME)";
				SWIFT_VERSION = 5.0;
			};
			name = Release;
		};
/* End XCBuildConfiguration section */

/* Begin XCConfigurationList section */
		FCD92E262D6E331A00CAC8D7 /* Build configuration list for PBXProject "SwiftInterviewDataStructures" */ = {
			isa = XCConfigurationList;
			buildConfigurations = (
				FCD92E302D6E331A00CAC8D7 /* Debug */,
				FCD92E312D6E331A00CAC8D7 /* Release */,
			);
			defaultConfigurationIsVisible = 0;
			defaultConfigurationName = Release;
		};
		FCD92E322D6E331A00CAC8D7 /* Build configuration list for PBXNativeTarget "SwiftInterviewDataStructures" */ = {
			isa = XCConfigurationList;
			buildConfigurations = (
				FCD92E332D6E331A00CAC8D7 /* Debug */,
				FCD92E342D6E331A00CAC8D7 /* Release */,
			);
			defaultConfigurationIsVisible = 0;
			defaultConfigurationName = Release;
		};
/* End XCConfigurationList section */

/* Begin XCLocalSwiftPackageReference section */
		FC3183BD2D6F7DDB00DD4422 /* XCLocalSwiftPackageReference "../InterviewDataStructures" */ = {
			isa = XCLocalSwiftPackageReference;
			relativePath = ../InterviewDataStructures;
		};
/* End XCLocalSwiftPackageReference section */

/* Begin XCSwiftPackageProductDependency section */
		FC3183BE2D6F7DDB00DD4422 /* InterviewDataStructures */ = {
			isa = XCSwiftPackageProductDependency;
			productName = InterviewDataStructures;
		};
		FCD92E412D6E71E800CAC8D7 /* InterviewDataStructures */ = {
			isa = XCSwiftPackageProductDependency;
			productName = InterviewDataStructures;
		};
/* End XCSwiftPackageProductDependency section */
	};
	rootObject = FCD92E232D6E331A00CAC8D7 /* Project object */;
}
